{
  "name": "matrix.inc-adminapp",
  "lockfileVersion": 3,
  "requires": true,
  "packages": {
    "": {
      "dependencies": {
        "bootstrap-icons": "^1.13.1",
        "bootswatch": "^5.3.6"
      }
    },
    "node_modules/bootstrap-icons": {
      "version": "1.13.1",
      "resolved": "https://registry.npmjs.org/bootstrap-icons/-/bootstrap-icons-1.13.1.tgz",
      "integrity": "sha512-ijombt4v6bv5CLeXvRWKy7CuM3TRTuPEuGaGKvTV5cz65rQSY8RQ2JcHt6b90cBBAC7s8fsf2EkQDldzCoXUjw==",
      "funding": [
        {
          "type": "github",
          "url": "https://github.com/sponsors/twbs"
        },
        {
          "type": "opencollective",
          "url": "https://opencollective.com/bootstrap"
        }
      ],
      "license": "MIT"
    },
    "node_modules/bootswatch": {
      "version": "5.3.6",
      "resolved": "https://registry.npmjs.org/bootswatch/-/bootswatch-5.3.6.tgz",
      "integrity": "sha512-d2Kwu5IaALz9gb7fmW20mXU4oCJqBrXmJ3ffk8bZPIOMohJOt0/549liK2Jp9zalkxg30dZ+1wf4OH2m1lJC9w==",
      "license": "MIT"
    }
  }
}
